<Solution>
  <Project Path="OrderService.API/OrderService.API.csproj" />
  <Project Path="OrderService.Application/OrderService.Application.csproj" />
  <Project Path="OrderService.Domain/OrderService.Domain.csproj" />
  <Project Path="OrderService.Infrastructure/OrderService.Infrastructure.csproj" />
</Solution>
